
Microsoft Visual Studio Solution File, Format Version 12.00
# Visual Studio Version 16
VisualStudioVersion = 16.0.30320.27
MinimumVisualStudioVersion = 10.0.40219.1
Project("{FAE04EC0-301F-11D3-BF4B-00C04F79EFBC}") = "IoTWebApp", "IoTWebApp.csproj", "{609CEF44-DD03-46F5-BB96-AFE75AE13522}"
EndProject
Global
	GlobalSection(SolutionConfigurationPlatforms) = preSolution
		Debug|Any CPU = Debug|Any CPU
		Release|Any CPU = Release|Any CPU
	EndGlobalSection
	GlobalSection(ProjectConfigurationPlatforms) = postSolution
		{609CEF44-DD03-46F5-BB96-AFE75AE13522}.Debug|Any CPU.ActiveCfg = Debug|Any CPU
		{609CEF44-DD03-46F5-BB96-AFE75AE13522}.Debug|Any CPU.Build.0 = Debug|Any CPU
		{609CEF44-DD03-46F5-BB96-AFE75AE13522}.Release|Any CPU.ActiveCfg = Release|Any CPU
		{609CEF44-DD03-46F5-BB96-AFE75AE13522}.Release|Any CPU.Build.0 = Release|Any CPU
	EndGlobalSection
	GlobalSection(SolutionProperties) = preSolution
		HideSolutionNode = FALSE
	EndGlobalSection
	GlobalSection(ExtensibilityGlobals) = postSolution
		SolutionGuid = {469D0C4E-483B-45E7-B63A-D51D8A54C39A}
	EndGlobalSection
EndGlobal
